
Microsoft Visual Studio Solution File, Format Version 12.00
# Visual Studio 15
VisualStudioVersion = 15.0.28307.1738
MinimumVisualStudioVersion = 10.0.40219.1
Project("{FAE04EC0-301F-11D3-BF4B-00C04F79EFBC}") = "Demo", "Demo\Demo.csproj", "{60EA691E-5FB4-4468-B765-E8E1317D21B6}"
EndProject
Global
	GlobalSection(SolutionConfigurationPlatforms) = preSolution
		Debug|Any CPU = Debug|Any CPU
		Release|Any CPU = Release|Any CPU
	EndGlobalSection
	GlobalSection(ProjectConfigurationPlatforms) = postSolution
		{60EA691E-5FB4-4468-B765-E8E1317D21B6}.Debug|Any CPU.ActiveCfg = Debug|Any CPU
		{60EA691E-5FB4-4468-B765-E8E1317D21B6}.Debug|Any CPU.Build.0 = Debug|Any CPU
		{60EA691E-5FB4-4468-B765-E8E1317D21B6}.Release|Any CPU.ActiveCfg = Release|Any CPU
		{60EA691E-5FB4-4468-B765-E8E1317D21B6}.Release|Any CPU.Build.0 = Release|Any CPU
	EndGlobalSection
	GlobalSection(SolutionProperties) = preSolution
		HideSolutionNode = FALSE
	EndGlobalSection
	GlobalSection(ExtensibilityGlobals) = postSolution
		SolutionGuid = {2B3BB3AF-0A40-45B5-AA48-40F85AB7E3D3}
	EndGlobalSection
EndGlobal
