
Microsoft Visual Studio Solution File, Format Version 12.00
# Visual Studio Version 16
VisualStudioVersion = 16.0.31515.178
MinimumVisualStudioVersion = 10.0.40219.1
Project("{E24C65DC-7377-472B-9ABA-BC803B73C61A}") = "DoAn", ".", "{CAFEF733-6A30-4DBE-8045-72FF17D309C2}"
	ProjectSection(WebsiteProperties) = preProject
		TargetFrameworkMoniker = ".NETFramework,Version%3Dv4.0"
		Debug.AspNetCompiler.VirtualPath = "/localhost_62557"
		Debug.AspNetCompiler.PhysicalPath = "..\..\..\Desktop\.thiết kế web\DoAn\"
		Debug.AspNetCompiler.TargetPath = "PrecompiledWeb\localhost_62557\"
		Debug.AspNetCompiler.Updateable = "true"
		Debug.AspNetCompiler.ForceOverwrite = "true"
		Debug.AspNetCompiler.FixedNames = "false"
		Debug.AspNetCompiler.Debug = "True"
		Release.AspNetCompiler.VirtualPath = "/localhost_62557"
		Release.AspNetCompiler.PhysicalPath = "..\..\..\Desktop\.thiết kế web\DoAn\"
		Release.AspNetCompiler.TargetPath = "PrecompiledWeb\localhost_62557\"
		Release.AspNetCompiler.Updateable = "true"
		Release.AspNetCompiler.ForceOverwrite = "true"
		Release.AspNetCompiler.FixedNames = "false"
		Release.AspNetCompiler.Debug = "False"
		VWDPort = "62557"
	EndProjectSection
EndProject
Global
	GlobalSection(SolutionConfigurationPlatforms) = preSolution
		Debug|Any CPU = Debug|Any CPU
	EndGlobalSection
	GlobalSection(ProjectConfigurationPlatforms) = postSolution
		{CAFEF733-6A30-4DBE-8045-72FF17D309C2}.Debug|Any CPU.ActiveCfg = Debug|Any CPU
		{CAFEF733-6A30-4DBE-8045-72FF17D309C2}.Debug|Any CPU.Build.0 = Debug|Any CPU
	EndGlobalSection
	GlobalSection(SolutionProperties) = preSolution
		HideSolutionNode = FALSE
	EndGlobalSection
	GlobalSection(ExtensibilityGlobals) = postSolution
		SolutionGuid = {135349CA-0DF3-45A0-BD54-A996D67F8110}
	EndGlobalSection
EndGlobal
